
Microsoft Visual Studio Solution File, Format Version 12.00
# Visual Studio Version 17
VisualStudioVersion = 17.4.33205.214
MinimumVisualStudioVersion = 10.0.40219.1
Project("{FAE04EC0-301F-11D3-BF4B-00C04F79EFBC}") = "PR19_3_Nikolaev", "PR19_3_Nikolaev.csproj", "{24FF94D4-35CF-4F99-96A2-D502AC96ACE9}"
EndProject
Global
	GlobalSection(SolutionConfigurationPlatforms) = preSolution
		Debug|Any CPU = Debug|Any CPU
		Release|Any CPU = Release|Any CPU
	EndGlobalSection
	GlobalSection(ProjectConfigurationPlatforms) = postSolution
		{24FF94D4-35CF-4F99-96A2-D502AC96ACE9}.Debug|Any CPU.ActiveCfg = Debug|Any CPU
		{24FF94D4-35CF-4F99-96A2-D502AC96ACE9}.Debug|Any CPU.Build.0 = Debug|Any CPU
		{24FF94D4-35CF-4F99-96A2-D502AC96ACE9}.Release|Any CPU.ActiveCfg = Release|Any CPU
		{24FF94D4-35CF-4F99-96A2-D502AC96ACE9}.Release|Any CPU.Build.0 = Release|Any CPU
	EndGlobalSection
	GlobalSection(SolutionProperties) = preSolution
		HideSolutionNode = FALSE
	EndGlobalSection
	GlobalSection(ExtensibilityGlobals) = postSolution
		SolutionGuid = {D80CDE79-34AB-41BC-AD41-B0812AADA1D3}
	EndGlobalSection
EndGlobal
